
Microsoft Visual Studio Solution File, Format Version 12.00
# Visual Studio Version 17
VisualStudioVersion = 17.8.34525.116
MinimumVisualStudioVersion = 10.0.40219.1
Project("{FAE04EC0-301F-11D3-BF4B-00C04F79EFBC}") = "csharp-basics", "csharp-basics\csharp-basics.csproj", "{CD4A99E2-2813-460A-876F-29485DCE85A8}"
EndProject
Project("{FAE04EC0-301F-11D3-BF4B-00C04F79EFBC}") = "csharp-oop", "csharp-oop\csharp-oop.csproj", "{3EDA92B1-D218-4523-B66B-A040D0EAE1C6}"
EndProject
Global
	GlobalSection(SolutionConfigurationPlatforms) = preSolution
		Debug|Any CPU = Debug|Any CPU
		Release|Any CPU = Release|Any CPU
	EndGlobalSection
	GlobalSection(ProjectConfigurationPlatforms) = postSolution
		{CD4A99E2-2813-460A-876F-29485DCE85A8}.Debug|Any CPU.ActiveCfg = Debug|Any CPU
		{CD4A99E2-2813-460A-876F-29485DCE85A8}.Debug|Any CPU.Build.0 = Debug|Any CPU
		{CD4A99E2-2813-460A-876F-29485DCE85A8}.Release|Any CPU.ActiveCfg = Release|Any CPU
		{CD4A99E2-2813-460A-876F-29485DCE85A8}.Release|Any CPU.Build.0 = Release|Any CPU
		{3EDA92B1-D218-4523-B66B-A040D0EAE1C6}.Debug|Any CPU.ActiveCfg = Debug|Any CPU
		{3EDA92B1-D218-4523-B66B-A040D0EAE1C6}.Debug|Any CPU.Build.0 = Debug|Any CPU
		{3EDA92B1-D218-4523-B66B-A040D0EAE1C6}.Release|Any CPU.ActiveCfg = Release|Any CPU
		{3EDA92B1-D218-4523-B66B-A040D0EAE1C6}.Release|Any CPU.Build.0 = Release|Any CPU
	EndGlobalSection
	GlobalSection(SolutionProperties) = preSolution
		HideSolutionNode = FALSE
	EndGlobalSection
	GlobalSection(ExtensibilityGlobals) = postSolution
		SolutionGuid = {801ED44E-2E0E-40F8-B828-42637360B49D}
	EndGlobalSection
EndGlobal
